
Microsoft Visual Studio Solution File, Format Version 12.00
# Visual Studio Version 16
VisualStudioVersion = 16.0.31112.23
MinimumVisualStudioVersion = 10.0.40219.1
Project("{888888A0-9F3D-457C-B088-3A5042F75D52}") = "Musical Calculator", "Musical Calculator.pyproj", "{6737F1D4-FFB3-412D-A93E-1478C45003BB}"
EndProject
Global
	GlobalSection(SolutionConfigurationPlatforms) = preSolution
		Debug|Any CPU = Debug|Any CPU
		Release|Any CPU = Release|Any CPU
	EndGlobalSection
	GlobalSection(ProjectConfigurationPlatforms) = postSolution
		{6737F1D4-FFB3-412D-A93E-1478C45003BB}.Debug|Any CPU.ActiveCfg = Debug|Any CPU
		{6737F1D4-FFB3-412D-A93E-1478C45003BB}.Release|Any CPU.ActiveCfg = Release|Any CPU
	EndGlobalSection
	GlobalSection(SolutionProperties) = preSolution
		HideSolutionNode = FALSE
	EndGlobalSection
	GlobalSection(ExtensibilityGlobals) = postSolution
		SolutionGuid = {F0AD9F47-5649-494C-83E1-8ABB6065CE94}
	EndGlobalSection
EndGlobal
